# Hash-pinned dependencies for the Docker image (pip install --require-hashes).
# Regenerate after changing requirements.txt (run from backend/):
#   docker run --rm -v "$PWD:/src" -w /src python:3.11-slim-bookworm sh -c \
#     "pip install -q pip-tools && pip-compile -q --generate-hashes --strip-extras --no-header --output-file=- requirements.txt" > requirements.lock
annotated-doc==0.0.5 \
    --hash=sha256:117bac03a25ede5df5440e855b32d556049ca169ead221505badf432fed4b101 \
    --hash=sha256:c7e58ce09192557605d8bbd92836d7e1d520ac9580096042c0bfd197efacf1bb
    # via fastapi
annotated-types==0.8.0 \
    --hash=sha256:13b2beaad985e05e2d6407ee4c4f35590b11f8d693a258a561055cac8f64cab7 \
    --hash=sha256:f072f4d804ea359e4eaf198b1af7a8b0943881a87f31bb764f8bf219bb9419e0
    # via pydantic
anyio==4.15.1 \
    --hash=sha256:6152fdbbf9a77fdec97731721bebf7c4c44f7c29b424b0065826173efc7ed101 \
    --hash=sha256:9f28306018cbd6d329e64a36d58256edff76dd996fe423bc957326e578b82a94
    # via
    #   starlette
    #   watchfiles
bcrypt==4.2.1 \
    --hash=sha256:041fa0155c9004eb98a232d54da05c0b41d4b8e66b6fc3cb71b4b3f6144ba837 \
    --hash=sha256:04e56e3fe8308a88b77e0afd20bec516f74aecf391cdd6e374f15cbed32783d6 \
    --hash=sha256:1340411a0894b7d3ef562fb233e4b6ed58add185228650942bdc885362f32c17 \
    --hash=sha256:533e7f3bcf2f07caee7ad98124fab7499cb3333ba2274f7a36cf1daee7409d99 \
    --hash=sha256:6765386e3ab87f569b276988742039baab087b2cdb01e809d74e74503c2faafe \
    --hash=sha256:687cf30e6681eeda39548a93ce9bfbb300e48b4d445a43db4298d2474d2a1e54 \
    --hash=sha256:76132c176a6d9953cdc83c296aeaed65e1a708485fd55abf163e0d9f8f16ce0e \
    --hash=sha256:76d3e352b32f4eeb34703370e370997065d28a561e4a18afe4fef07249cb4396 \
    --hash=sha256:807261df60a8b1ccd13e6599c779014a362ae4e795f5c59747f60208daddd96d \
    --hash=sha256:89df2aea2c43be1e1fa066df5f86c8ce822ab70a30e4c210968669565c0f4685 \
    --hash=sha256:8ad2f4528cbf0febe80e5a3a57d7a74e6635e41af1ea5675282a33d769fba413 \
    --hash=sha256:8c458cd103e6c5d1d85cf600e546a639f234964d0228909d8f8dbeebff82d526 \
    --hash=sha256:8dbd0747208912b1e4ce730c6725cb56c07ac734b3629b60d4398f082ea718ad \
    --hash=sha256:909faa1027900f2252a9ca5dfebd25fc0ef1417943824783d1c8418dd7d6df4a \
    --hash=sha256:aaa2e285be097050dba798d537b6efd9b698aa88eef52ec98d23dcd6d7cf6fea \
    --hash=sha256:adadd36274510a01f33e6dc08f5824b97c9580583bd4487c564fc4617b328005 \
    --hash=sha256:b1ee315739bc8387aa36ff127afc99120ee452924e0df517a8f3e4c0187a0f5f \
    --hash=sha256:b588af02b89d9fad33e5f98f7838bf590d6d692df7153647724a7f20c186f6bf \
    --hash=sha256:b7703ede632dc945ed1172d6f24e9f30f27b1b1a067f32f68bf169c5f08d0425 \
    --hash=sha256:c6f5fa3775966cca251848d4d5393ab016b3afed251163c1436fefdec3b02c84 \
    --hash=sha256:cde78d385d5e93ece5479a0a87f73cd6fa26b171c786a884f955e165032b262c \
    --hash=sha256:cfdf3d7530c790432046c40cda41dfee8c83e29482e6a604f8930b9930e94139 \
    --hash=sha256:e158009a54c4c8bc91d5e0da80920d048f918c61a581f0a63e4e93bb556d362f \
    --hash=sha256:e84e0e6f8e40a242b11bce56c313edc2be121cec3e0ec2d76fce01f6af33c07c \
    --hash=sha256:f85b1ffa09240c89aa2e1ae9f3b1c687104f7b2b9d2098da4e923f1b7082d331
    # via -r requirements.txt
click==8.5.0 \
    --hash=sha256:255bc9599cf7748b4b1a446ccc735421bd08a2ae529a8b88597d3de5664ee360 \
    --hash=sha256:ba0d2089de75ea0310e2dde03160e6ca10009947fb95a182f9b54021bb272e34
    # via uvicorn
fastapi==0.142.2 \
    --hash=sha256:06366626f2e70576367714d9ab2fe8472e6c8456dba69b399f9f797ab5e92570 \
    --hash=sha256:bd5f4d81f1e93a88bcd77caf4dfe3c2dbffc3805407a0007e9a114c18b3a670b
    # via -r requirements.txt
h11==0.16.0 \
    --hash=sha256:4e35b956cf45792e4caa5885e69fba00bdbc6ffafbfa020300e549b208ee5ff1 \
    --hash=sha256:63cf8bbe7522de3bf65932fda1d9c2772064ffb3dae62d55932da54b31cb6c86
    # via uvicorn
httptools==0.8.0 \
    --hash=sha256:0770728beb05094c809b98e814edff5fef69d26ad7d21185f2f6d5884a0ba683 \
    --hash=sha256:0ea897f0c729581ebf72131a438a7932d9b14efef72d75ada966700cac3caaeb \
    --hash=sha256:159e9ab5f701ccd42e555a12f1ad8ff69702910fc1c996cf2bb66e5fcb7a231b \
    --hash=sha256:19d1ee275bb59ba2643ba9a3a1e51cc0c788caf2b8df506368e03f56fdd08527 \
    --hash=sha256:20b4aac66ff65f7db06a375808b78f42a94970aa22e826b3cb2b43eb09174124 \
    --hash=sha256:2a021c3a8e65cc125390d72f59b968afca3bdcaff25bd67965e0a055a14946ca \
    --hash=sha256:2c032fa028f46871ec7e1fc59fc15e8023eab3e6bbe6ece786a1611719a5d081 \
    --hash=sha256:2d689918c15a013c65ef52d9fd495d766893ab831a2c8d89f2ac5940a5df847c \
    --hash=sha256:384c17174464c8e873398b7af24f0b1f44d992c820328413951a625323155d77 \
    --hash=sha256:425f83884fd6343828d8c565f046cb72b6d19063f6924093e11bcd8e1548cd09 \
    --hash=sha256:48774d39cbb70e2b1f71f88852a3087ae1d3a1eb80482bb48c13067ab080c14f \
    --hash=sha256:52dd695b865fe96d9d2b16b64a895f3f57bf3cb064e8383cd3b5713a069e8085 \
    --hash=sha256:57278e6fa0424c42a8a3e454828ab4f0aff27b40cddf9679579b98c6dce6a376 \
    --hash=sha256:5931891fb7b441b8a3853cf1b85c82c903defce084dd5f6771ca46e31bf862c5 \
    --hash=sha256:5d7fa4ba7292c1139c0526f0b5aad507c6263c948206ea1b1cbca015c8af1b62 \
    --hash=sha256:5eb911c515b96ee44bbd861e42cbefc488681d450545b1d02127f6136e3a86f5 \
    --hash=sha256:614ceea8ea606848bece2338ac03b3ce5324bcb4be8dc7d377ed708012fa4db8 \
    --hash=sha256:6a43c9dd399758ccc0531acb0a3c4a6c299ee893ee9400e9c893b7bdcfae0681 \
    --hash=sha256:6b2a32f18d97e16e90827d7a819ffa8dbd8cc245fc4e1fa9d1095b54ef4bd999 \
    --hash=sha256:7685df791fad561384bfb139e77fde27a1ffd93134e016f95a0db424ffbf77b1 \
    --hash=sha256:7b71e7d7031928c650e1006e6c03e911bf967f7c69c011d37d541c3e7bf55005 \
    --hash=sha256:880490234c10f70a9830743097e8958d6e4b9f5a0ffc24515023afeef984054d \
    --hash=sha256:88bdd940f2b5d487b4d032c6afa5489a7dc4694410d43de3c38c4fb3af0dc45d \
    --hash=sha256:88eead8ec8680a9f146c655bc88445a325bd7921cfd8194c7337e9467282427d \
    --hash=sha256:9518c406d7b310f05adb1a37f80acabac40504a575d7c0da6d3e365c695ac20d \
    --hash=sha256:9878eb2785ba5eb70631ad269b37976f73d647955e26c91d490eb8a4edfda4ba \
    --hash=sha256:9fc1644f415372cec4f8a5be3a64183737398f10dbb1263602a036427fe75247 \
    --hash=sha256:a1afd7c9fbff0d9f5d489c4ce2768bd09c84a46ddefc7161e6aa82ae35c85745 \
    --hash=sha256:a1b4c8e7a489a0d750d91894e9a8cdc295838f1924c0ca903ae993456fddec07 \
    --hash=sha256:a3b7387147361c3fd47a0bde763c5c91b5b4cd4dc9989b8ece84ff436c99843b \
    --hash=sha256:a6f21e2a3b0067bbe7f67e34cfd16276af556e5e52f4c7503be0cb5f90e905e4 \
    --hash=sha256:b15fc622b0f869d19207c4089a501d9bcc63ca5e071ffdd2f03f922df882dcb2 \
    --hash=sha256:b205e5f5523fa039679da0dfe5a10132b2a4abeae6a86fdd1ddc035f7f836557 \
    --hash=sha256:bbb8caadb2b742d293169d2b458b5c001ef70e3158704aa3d3ef9597624c5d1d \
    --hash=sha256:bf3b6f807c8541503cecfbb8a8dffb385640d0d96102f3d112aa8740f9b7c826 \
    --hash=sha256:c08ffe3e79756e0963cbc8fe410139f38a5884874b6f2e17761bef6563fdcd9b \
    --hash=sha256:c0d726cc107fceb7d45f978483b4b70dd8caa836f5914d3434bb18628eb73813 \
    --hash=sha256:c4a9f1707e4823d54dfec6c33fa3697d302aed536ed352a7ebb5a061ddb869d0 \
    --hash=sha256:cd96f29b4bab1d42fa6e3d008711c75e0f79e94e06827330160e3a304227f150 \
    --hash=sha256:d76ad7b951387e3632c8716a9bb03ac5b45c5f16119aa409db0459520887944e \
    --hash=sha256:da684f2e1aa2ee9bdcb083f3f3a68c5956750b375bc5df864d3a5f0c42a40b77 \
    --hash=sha256:de1ed58a974e75d56560acc7e7fed01a454994429456f65209789992e41f2568 \
    --hash=sha256:de242a49b5d18e0a8776e654e9f6bf6d89f3875a5c35b425a0e7ce940feb3fd6 \
    --hash=sha256:df31ef5494f406ab6cf827b7e64a22841c6e2d654100e6a116ea15b46d02d5e8 \
    --hash=sha256:e93c227b595c6926c1acee96891dd9da4be338cfbe82e5cd3bb9d8dd7dc4ac0b \
    --hash=sha256:eb3028cca2fc0a6d720e52ef61d8ebb62fcbfeb1de56874546d858d3f25a26b7 \
    --hash=sha256:ed377e64805bdba4943c82717333f8f8603a13b09aff9cead2717c6c817fb168 \
    --hash=sha256:ef7c3c97f4311c7be57e2986629df89d49cb434dbff78eafcd48c2bff986b15a \
    --hash=sha256:f256d6ce930c52ca1cb2a960b7da03548c454e7d28b06059ad41bfe789036ce0 \
    --hash=sha256:fe2a4c95aeba2209434e7b31172da572846cae8ca0bf1e7013e61b99fbbf5e72
    # via uvicorn
idna==3.20 \
    --hash=sha256:a7db850025b95ded1eae8a46181a1a6c56c92c96f0e2b005d9ff8dc0210cab44 \
    --hash=sha256:ab7ae7122974553370f0bdb919e1a960b2cd1bc1ef0276416d896db81c14582c
    # via anyio
itsdangerous==2.2.0 \
    --hash=sha256:c6242fc49e35958c8b15141343aa660db5fc54d4f13a1db01a3f5891b98700ef \
    --hash=sha256:e0050c0b7da1eea53ffaf149c0cfbb5c6e2e2b69c4bef22c81fa6eb73e5f6173
    # via -r requirements.txt
opentelemetry-api==1.45.0 \
    --hash=sha256:711ede81773c8025c2c03dac0450bc89f3d30aea6eabcc815c570d4e35a963f7 \
    --hash=sha256:80e068aba7cd56c8b58512d6a36f8d25cb1dfaa0c0a4cc1c938ccf9f362d9cb3
    # via fastapi
pydantic==2.10.4 \
    --hash=sha256:597e135ea68be3a37552fb524bc7d0d66dcf93d395acd93a00682f1efcb8ee3d \
    --hash=sha256:82f12e9723da6de4fe2ba888b5971157b3be7ad914267dea8f05f82b28254f06
    # via
    #   -r requirements.txt
    #   fastapi
    #   pydantic-settings
pydantic-core==2.27.2 \
    --hash=sha256:00bad2484fa6bda1e216e7345a798bd37c68fb2d97558edd584942aa41b7d278 \
    --hash=sha256:0296abcb83a797db256b773f45773da397da75a08f5fcaef41f2044adec05f50 \
    --hash=sha256:03d0f86ea3184a12f41a2d23f7ccb79cdb5a18e06993f8a45baa8dfec746f0e9 \
    --hash=sha256:044a50963a614ecfae59bb1eaf7ea7efc4bc62f49ed594e18fa1e5d953c40e9f \
    --hash=sha256:05e3a55d124407fffba0dd6b0c0cd056d10e983ceb4e5dbd10dda135c31071d6 \
    --hash=sha256:08e125dbdc505fa69ca7d9c499639ab6407cfa909214d500897d02afb816e7cc \
    --hash=sha256:097830ed52fd9e427942ff3b9bc17fab52913b2f50f2880dc4a5611446606a54 \
    --hash=sha256:0d1e85068e818c73e048fe28cfc769040bb1f475524f4745a5dc621f75ac7630 \
    --hash=sha256:0d75070718e369e452075a6017fbf187f788e17ed67a3abd47fa934d001863d9 \
    --hash=sha256:14d4a5c49d2f009d62a2a7140d3064f686d17a5d1a268bc641954ba181880236 \
    --hash=sha256:172fce187655fece0c90d90a678424b013f8fbb0ca8b036ac266749c09438cb7 \
    --hash=sha256:18a101c168e4e092ab40dbc2503bdc0f62010e95d292b27827871dc85450d7ee \
    --hash=sha256:1a4207639fb02ec2dbb76227d7c751a20b1a6b4bc52850568e52260cae64ca3b \
    --hash=sha256:1c1fd185014191700554795c99b347d64f2bb637966c4cfc16998a0ca700d048 \
    --hash=sha256:1e2cb691ed9834cd6a8be61228471d0a503731abfb42f82458ff27be7b2186fc \
    --hash=sha256:1ebaf1d0481914d004a573394f4be3a7616334be70261007e47c2a6fe7e50130 \
    --hash=sha256:220f892729375e2d736b97d0e51466252ad84c51857d4d15f5e9692f9ef12be4 \
    --hash=sha256:251136cdad0cb722e93732cb45ca5299fb56e1344a833640bf93b2803f8d1bfd \
    --hash=sha256:26f0d68d4b235a2bae0c3fc585c585b4ecc51382db0e3ba402a22cbc440915e4 \
    --hash=sha256:26f32e0adf166a84d0cb63be85c562ca8a6fa8de28e5f0d92250c6b7e9e2aff7 \
    --hash=sha256:280d219beebb0752699480fe8f1dc61ab6615c2046d76b7ab7ee38858de0a4e7 \
    --hash=sha256:28ccb213807e037460326424ceb8b5245acb88f32f3d2777427476e1b32c48c4 \
    --hash=sha256:2bf14caea37e91198329b828eae1618c068dfb8ef17bb33287a7ad4b61ac314e \
    --hash=sha256:2d367ca20b2f14095a8f4fa1210f5a7b78b8a20009ecced6b12818f455b1e9fa \
    --hash=sha256:30c5f68ded0c36466acede341551106821043e9afaad516adfb6e8fa80a4e6a6 \
    --hash=sha256:337b443af21d488716f8d0b6164de833e788aa6bd7e3a39c005febc1284f4962 \
    --hash=sha256:3911ac9284cd8a1792d3cb26a2da18f3ca26c6908cc434a18f730dc0db7bfa3b \
    --hash=sha256:3d591580c34f4d731592f0e9fe40f9cc1b430d297eecc70b962e93c5c668f15f \
    --hash=sha256:3de3ce3c9ddc8bbd88f6e0e304dea0e66d843ec9de1b0042b0911c1663ffd474 \
    --hash=sha256:3de9961f2a346257caf0aa508a4da705467f53778e9ef6fe744c038119737ef5 \
    --hash=sha256:40d02e7d45c9f8af700f3452f329ead92da4c5f4317ca9b896de7ce7199ea459 \
    --hash=sha256:42c5f762659e47fdb7b16956c71598292f60a03aa92f8b6351504359dbdba6cf \
    --hash=sha256:47956ae78b6422cbd46f772f1746799cbb862de838fd8d1fbd34a82e05b0983a \
    --hash=sha256:491a2b73db93fab69731eaee494f320faa4e093dbed776be1a829c2eb222c34c \
    --hash=sha256:4c9775e339e42e79ec99c441d9730fccf07414af63eac2f0e48e08fd38a64d76 \
    --hash=sha256:4e0b4220ba5b40d727c7f879eac379b822eee5d8fff418e9d3381ee45b3b0362 \
    --hash=sha256:50a68f3e3819077be2c98110c1f9dcb3817e93f267ba80a2c05bb4f8799e2ff4 \
    --hash=sha256:519f29f5213271eeeeb3093f662ba2fd512b91c5f188f3bb7b27bc5973816934 \
    --hash=sha256:521eb9b7f036c9b6187f0b47318ab0d7ca14bd87f776240b90b21c1f4f149320 \
    --hash=sha256:57762139821c31847cfb2df63c12f725788bd9f04bc2fb392790959b8f70f118 \
    --hash=sha256:5e4f4bb20d75e9325cc9696c6802657b58bc1dbbe3022f32cc2b2b632c3fbb96 \
    --hash=sha256:5e68c4446fe0810e959cdff46ab0a41ce2f2c86d227d96dc3847af0ba7def306 \
    --hash=sha256:669e193c1c576a58f132e3158f9dfa9662969edb1a250c54d8fa52590045f046 \
    --hash=sha256:688d3fd9fcb71f41c4c015c023d12a79d1c4c0732ec9eb35d96e3388a120dcf3 \
    --hash=sha256:6fb4aadc0b9a0c063206846d603b92030eb6f03069151a625667f982887153e2 \
    --hash=sha256:7041c36f5680c6e0f08d922aed302e98b3745d97fe1589db0a3eebf6624523af \
    --hash=sha256:71b24c7d61131bb83df10cc7e687433609963a944ccf45190cfc21e0887b08c9 \
    --hash=sha256:77d1bca19b0f7021b3a982e6f903dcd5b2b06076def36a652e3907f596e29f67 \
    --hash=sha256:7969e133a6f183be60e9f6f56bfae753585680f3b7307a8e555a948d443cc05a \
    --hash=sha256:7a66efda2387de898c8f38c0cf7f14fca0b51a8ef0b24bfea5849f1b3c95af27 \
    --hash=sha256:7d0c8399fcc1848491f00e0314bd59fb34a9c008761bcb422a057670c3f65e35 \
    --hash=sha256:7d14bd329640e63852364c306f4d23eb744e0f8193148d4044dd3dacdaacbd8b \
    --hash=sha256:7e17b560be3c98a8e3aa66ce828bdebb9e9ac6ad5466fba92eb74c4c95cb1151 \
    --hash=sha256:8083d4e875ebe0b864ffef72a4304827015cff328a1be6e22cc850753bfb122b \
    --hash=sha256:82f91663004eb8ed30ff478d77c4d1179b3563df6cdb15c0817cd1cdaf34d154 \
    --hash=sha256:82f986faf4e644ffc189a7f1aafc86e46ef70372bb153e7001e8afccc6e54133 \
    --hash=sha256:83097677b8e3bd7eaa6775720ec8e0405f1575015a463285a92bfdfe254529ef \
    --hash=sha256:85210c4d99a0114f5a9481b44560d7d1e35e32cc5634c656bc48e590b669b145 \
    --hash=sha256:8c19d1ea0673cd13cc2f872f6c9ab42acc4e4f492a7ca9d3795ce2b112dd7e15 \
    --hash=sha256:8d9b3388db186ba0c099a6d20f0604a44eabdeef1777ddd94786cdae158729e4 \
    --hash=sha256:8e10c99ef58cfdf2a66fc15d66b16c4a04f62bca39db589ae8cba08bc55331bc \
    --hash=sha256:953101387ecf2f5652883208769a79e48db18c6df442568a0b5ccd8c2723abee \
    --hash=sha256:9c3ed807c7b91de05e63930188f19e921d1fe90de6b4f5cd43ee7fcc3525cb8c \
    --hash=sha256:9e0c8cfefa0ef83b4da9588448b6d8d2a2bf1a53c3f1ae5fca39eb3061e2f0b0 \
    --hash=sha256:9fdbe7629b996647b99c01b37f11170a57ae675375b14b8c13b8518b8320ced5 \
    --hash=sha256:a0fcd29cd6b4e74fe8ddd2c90330fd8edf2e30cb52acda47f06dd615ae72da57 \
    --hash=sha256:ac4dbfd1691affb8f48c2c13241a2e3b60ff23247cbcf981759c768b6633cf8b \
    --hash=sha256:b0cb791f5b45307caae8810c2023a184c74605ec3bcbb67d13846c28ff731ff8 \
    --hash=sha256:ba5dd002f88b78a4215ed2f8ddbdf85e8513382820ba15ad5ad8955ce0ca19a1 \
    --hash=sha256:bca101c00bff0adb45a833f8451b9105d9df18accb8743b08107d7ada14bd7da \
    --hash=sha256:bd8086fa684c4775c27f03f062cbb9eaa6e17f064307e86b21b9e0abc9c0f02e \
    --hash=sha256:bec317a27290e2537f922639cafd54990551725fc844249e64c523301d0822fc \
    --hash=sha256:c10eb4f1659290b523af58fa7cffb452a61ad6ae5613404519aee4bfbf1df993 \
    --hash=sha256:c33939a82924da9ed65dab5a65d427205a73181d8098e79b6b426bdf8ad4e656 \
    --hash=sha256:c61709a844acc6bf0b7dce7daae75195a10aac96a596ea1b776996414791ede4 \
    --hash=sha256:c70c26d2c99f78b125a3459f8afe1aed4d9687c24fd677c6a4436bc042e50d6c \
    --hash=sha256:c817e2b40aba42bac6f457498dacabc568c3b7a986fc9ba7c8d9d260b71485fb \
    --hash=sha256:cabb9bcb7e0d97f74df8646f34fc76fbf793b7f6dc2438517d7a9e50eee4f14d \
    --hash=sha256:cc3f1a99a4f4f9dd1de4fe0312c114e740b5ddead65bb4102884b384c15d8bc9 \
    --hash=sha256:cca63613e90d001b9f2f9a9ceb276c308bfa2a43fafb75c8031c4f66039e8c6e \
    --hash=sha256:ce8918cbebc8da707ba805b7fd0b382816858728ae7fe19a942080c24e5b7cd1 \
    --hash=sha256:d2088237af596f0a524d3afc39ab3b036e8adb054ee57cbb1dcf8e09da5b29cc \
    --hash=sha256:d262606bf386a5ba0b0af3b97f37c83d7011439e3dc1a9298f21efb292e42f1a \
    --hash=sha256:d2d63f1215638d28221f664596b1ccb3944f6e25dd18cd3b86b0a4c408d5ebb9 \
    --hash=sha256:d3e8d504bdd3f10835468f29008d72fc8359d95c9c415ce6e767203db6127506 \
    --hash=sha256:d4041c0b966a84b4ae7a09832eb691a35aec90910cd2dbe7a208de59be77965b \
    --hash=sha256:d716e2e30c6f140d7560ef1538953a5cd1a87264c737643d481f2779fc247fe1 \
    --hash=sha256:d81d2068e1c1228a565af076598f9e7451712700b673de8f502f0334f281387d \
    --hash=sha256:d9640b0059ff4f14d1f37321b94061c6db164fbe49b334b31643e0528d100d99 \
    --hash=sha256:de3cd1899e2c279b140adde9357c4495ed9d47131b4a4eaff9052f23398076b3 \
    --hash=sha256:e0fd26b16394ead34a424eecf8a31a1f5137094cabe84a1bcb10fa6ba39d3d31 \
    --hash=sha256:e2bb4d3e5873c37bb3dd58714d4cd0b0e6238cebc4177ac8fe878f8b3aa8e74c \
    --hash=sha256:eb026e5a4c1fee05726072337ff51d1efb6f59090b7da90d30ea58625b1ffb39 \
    --hash=sha256:eda3f5c2a021bbc5d976107bb302e0131351c2ba54343f8a496dc8783d3d3a6a \
    --hash=sha256:ef592d4bad47296fb11f96cd7dc898b92e795032b4894dfb4076cfccd43a9308 \
    --hash=sha256:f141ee28a0ad2123b6611b6ceff018039df17f32ada8b534e6aa039545a3efb2 \
    --hash=sha256:f66d89ba397d92f840f8654756196d93804278457b5fbede59598a1f9f90b228 \
    --hash=sha256:f6f8e111843bbb0dee4cb6594cdc73e79b3329b526037ec242a3e49012495b3b \
    --hash=sha256:fa8e459d4954f608fa26116118bb67f56b93b209c39b008277ace29937453dc9 \
    --hash=sha256:fd1aea04935a508f62e0d0ef1f5ae968774a32afc306fb8545e06f5ff5cdf3ad
    # via pydantic
pydantic-settings==2.7.0 \
    --hash=sha256:ac4bfd4a36831a48dbf8b2d9325425b549a0a6f18cea118436d728eb4f1c4d66 \
    --hash=sha256:e00c05d5fa6cbbb227c84bd7487c5c1065084119b750df7c8c1a554aed236eb5
    # via -r requirements.txt
python-dotenv==1.2.4 \
    --hash=sha256:42269a8a5b3fd54ffa6f3d84b18abed50064717576b4ecf03dc4a55d8aa04fdc \
    --hash=sha256:f0d53e69935a851c0dcc78f3ab7aaccd8cabef0b92382b576b824212902873c0
    # via
    #   pydantic-settings
    #   uvicorn
python-multipart==0.0.32 \
    --hash=sha256:be54b7f3fa167bb83e4fcd936b887b708f4e57fe75911c02aebf53efaf8d938e \
    --hash=sha256:ff6d3f776f16878c894e52e107296ffc890e913c611b1a4ec6c44e2821fe2e23
    # via -r requirements.txt
pyyaml==6.0.2 \
    --hash=sha256:01179a4a8559ab5de078078f37e5c1a30d76bb88519906844fd7bdea1b7729ff \
    --hash=sha256:0833f8694549e586547b576dcfaba4a6b55b9e96098b36cdc7ebefe667dfed48 \
    --hash=sha256:0a9a2848a5b7feac301353437eb7d5957887edbf81d56e903999a75a3d743086 \
    --hash=sha256:0b69e4ce7a131fe56b7e4d770c67429700908fc0752af059838b1cfb41960e4e \
    --hash=sha256:0ffe8360bab4910ef1b9e87fb812d8bc0a308b0d0eef8c8f44e0254ab3b07133 \
    --hash=sha256:11d8f3dd2b9c1207dcaf2ee0bbbfd5991f571186ec9cc78427ba5bd32afae4b5 \
    --hash=sha256:17e311b6c678207928d649faa7cb0d7b4c26a0ba73d41e99c4fff6b6c3276484 \
    --hash=sha256:1e2120ef853f59c7419231f3bf4e7021f1b936f6ebd222406c3b60212205d2ee \
    --hash=sha256:1f71ea527786de97d1a0cc0eacd1defc0985dcf6b3f17bb77dcfc8c34bec4dc5 \
    --hash=sha256:23502f431948090f597378482b4812b0caae32c22213aecf3b55325e049a6c68 \
    --hash=sha256:24471b829b3bf607e04e88d79542a9d48bb037c2267d7927a874e6c205ca7e9a \
    --hash=sha256:29717114e51c84ddfba879543fb232a6ed60086602313ca38cce623c1d62cfbf \
    --hash=sha256:2e99c6826ffa974fe6e27cdb5ed0021786b03fc98e5ee3c5bfe1fd5015f42b99 \
    --hash=sha256:39693e1f8320ae4f43943590b49779ffb98acb81f788220ea932a6b6c51004d8 \
    --hash=sha256:3ad2a3decf9aaba3d29c8f537ac4b243e36bef957511b4766cb0057d32b0be85 \
    --hash=sha256:3b1fdb9dc17f5a7677423d508ab4f243a726dea51fa5e70992e59a7411c89d19 \
    --hash=sha256:41e4e3953a79407c794916fa277a82531dd93aad34e29c2a514c2c0c5fe971cc \
    --hash=sha256:43fa96a3ca0d6b1812e01ced1044a003533c47f6ee8aca31724f78e93ccc089a \
    --hash=sha256:50187695423ffe49e2deacb8cd10510bc361faac997de9efef88badc3bb9e2d1 \
    --hash=sha256:5ac9328ec4831237bec75defaf839f7d4564be1e6b25ac710bd1a96321cc8317 \
    --hash=sha256:5d225db5a45f21e78dd9358e58a98702a0302f2659a3c6cd320564b75b86f47c \
    --hash=sha256:6395c297d42274772abc367baaa79683958044e5d3835486c16da75d2a694631 \
    --hash=sha256:688ba32a1cffef67fd2e9398a2efebaea461578b0923624778664cc1c914db5d \
    --hash=sha256:68ccc6023a3400877818152ad9a1033e3db8625d899c72eacb5a668902e4d652 \
    --hash=sha256:70b189594dbe54f75ab3a1acec5f1e3faa7e8cf2f1e08d9b561cb41b845f69d5 \
    --hash=sha256:797b4f722ffa07cc8d62053e4cff1486fa6dc094105d13fea7b1de7d8bf71c9e \
    --hash=sha256:7c36280e6fb8385e520936c3cb3b8042851904eba0e58d277dca80a5cfed590b \
    --hash=sha256:7e7401d0de89a9a855c839bc697c079a4af81cf878373abd7dc625847d25cbd8 \
    --hash=sha256:80bab7bfc629882493af4aa31a4cfa43a4c57c83813253626916b8c7ada83476 \
    --hash=sha256:82d09873e40955485746739bcb8b4586983670466c23382c19cffecbf1fd8706 \
    --hash=sha256:8388ee1976c416731879ac16da0aff3f63b286ffdd57cdeb95f3f2e085687563 \
    --hash=sha256:8824b5a04a04a047e72eea5cec3bc266db09e35de6bdfe34c9436ac5ee27d237 \
    --hash=sha256:8b9c7197f7cb2738065c481a0461e50ad02f18c78cd75775628afb4d7137fb3b \
    --hash=sha256:9056c1ecd25795207ad294bcf39f2db3d845767be0ea6e6a34d856f006006083 \
    --hash=sha256:936d68689298c36b53b29f23c6dbb74de12b4ac12ca6cfe0e047bedceea56180 \
    --hash=sha256:9b22676e8097e9e22e36d6b7bda33190d0d400f345f23d4065d48f4ca7ae0425 \
    --hash=sha256:a4d3091415f010369ae4ed1fc6b79def9416358877534caf6a0fdd2146c87a3e \
    --hash=sha256:a8786accb172bd8afb8be14490a16625cbc387036876ab6ba70912730faf8e1f \
    --hash=sha256:a9f8c2e67970f13b16084e04f134610fd1d374bf477b17ec1599185cf611d725 \
    --hash=sha256:bc2fa7c6b47d6bc618dd7fb02ef6fdedb1090ec036abab80d4681424b84c1183 \
    --hash=sha256:c70c95198c015b85feafc136515252a261a84561b7b1d51e3384e0655ddf25ab \
    --hash=sha256:cc1c1159b3d456576af7a3e4d1ba7e6924cb39de8f67111c735f6fc832082774 \
    --hash=sha256:ce826d6ef20b1bc864f0a68340c8b3287705cae2f8b4b1d932177dcc76721725 \
    --hash=sha256:d584d9ec91ad65861cc08d42e834324ef890a082e591037abe114850ff7bbc3e \
    --hash=sha256:d7fded462629cfa4b685c5416b949ebad6cec74af5e2d42905d41e257e0869f5 \
    --hash=sha256:d84a1718ee396f54f3a086ea0a66d8e552b2ab2017ef8b420e92edbc841c352d \
    --hash=sha256:d8e03406cac8513435335dbab54c0d385e4a49e4945d2909a581c83647ca0290 \
    --hash=sha256:e10ce637b18caea04431ce14fabcf5c64a1c61ec9c56b071a4b7ca131ca52d44 \
    --hash=sha256:ec031d5d2feb36d1d1a24380e4db6d43695f3748343d99434e6f5f9156aaa2ed \
    --hash=sha256:ef6107725bd54b262d6dedcc2af448a266975032bc85ef0172c5f059da6325b4 \
    --hash=sha256:efdca5630322a10774e8e98e1af481aad470dd62c3170801852d752aa7a783ba \
    --hash=sha256:f753120cb8181e736c57ef7636e83f31b9c0d1722c516f7e86cf15b7aa57ff12 \
    --hash=sha256:ff3824dc5261f50c9b0dfb3be22b4567a6f938ccce4587b38952d85fd9e9afe4
    # via
    #   -r requirements.txt
    #   uvicorn
starlette==1.7.0 \
    --hash=sha256:67f8e99895493dd2911a03f11314af6ceebeae4e704bb9f43dfc6a9db151c93e \
    --hash=sha256:c79f74ea63cff761804fbbfb182f1e0b440c2d07b164d24700c5a1bab5d6ff5d
    # via fastapi
typing-extensions==4.16.0 \
    --hash=sha256:481caa481374e813c1b176ada14e97f1f67a4539ce9cfeb3f350d78d6370c2e8 \
    --hash=sha256:dc983d19a509c94dba722ee6abd33940f7c05a89e243c47e907eb4db6f1a43e5
    # via
    #   anyio
    #   fastapi
    #   opentelemetry-api
    #   pydantic
    #   pydantic-core
    #   starlette
    #   typing-inspection
typing-inspection==0.4.4 \
    --hash=sha256:547274fa6b0a561ccf549cc9524b999a578e737d015d8709d021f9d0d13bea47 \
    --hash=sha256:65b8397ba37ccbce054456aaccddfc91e6e3083c92824df348d96ca832f3f147
    # via fastapi
uvicorn==0.34.0 \
    --hash=sha256:023dc038422502fa28a09c7a30bf2b6991512da7dcdb8fd35fe57cfc154126f4 \
    --hash=sha256:404051050cd7e905de2c9a7e61790943440b3416f49cb409f965d9dcd0fa73e9
    # via -r requirements.txt
uvloop==0.23.0 \
    --hash=sha256:0305871ac712f54b62af73f943dbf21ae3ce80a44bc0f0151424484affa85645 \
    --hash=sha256:090865d8ce7a03986755a3ce711b7dd0d4b44eb14ab74368b717f3fad1180208 \
    --hash=sha256:098a85e1393ef5202767b7e5fb41a32cd8bd81e6ee4af364c179801c4aa3f6d4 \
    --hash=sha256:0efdd55bddbd36bb2fcb842d64c0d5f6407c6958c68088cc25df8c09edc5b5fd \
    --hash=sha256:12634f15e6625f78b3f2922f91404c4d7173487eba11746764153f556e9852dc \
    --hash=sha256:1748321e3c59a14a75404b1ae8d5a8d81c4e201803ea0e14c1b6fd84421024b5 \
    --hash=sha256:19c64108b507cd0bc140e400e3396bacebd9d504956aa7726272bf6de7d9aabb \
    --hash=sha256:1e84575f11873c109cf3962ad0bdf679094466184125f4cadcc41a73febff41f \
    --hash=sha256:24c58ae4a83e93a04c504bcc678125e36a0bfc44af928ad69444880c60f187a5 \
    --hash=sha256:28d160f51ab4da3b187063652e643dea6831072add4adc1e6d62afbe73b6be27 \
    --hash=sha256:2dcff2d69be43e6559e5dad2c5a7a2dbfb60e05a77311b6c4b7a4a8123d86c65 \
    --hash=sha256:31e0cf90bc8fd88784f6802cdba968a51fb1aec1cc3feec74d862b2d371d1330 \
    --hash=sha256:378188efbb1524f2219d05246a3e1e5907217848d2882144dff59585f1b81d55 \
    --hash=sha256:42feced24b9b44b856c633eafb5cc5dec354972da55ce77598db6844c054bc7c \
    --hash=sha256:4448e9124537620f9c25d004c227bb5104440b58955c19bbd312d910af919a63 \
    --hash=sha256:4a08875543bbd4519faf30497506c9cda8a48470467ffdf967c7313c7a5981a8 \
    --hash=sha256:4b8e207c67d207a8608fec57e116511030af3495dc0109b8c333cf9cb412b16f \
    --hash=sha256:4bb7f5d0b62b5afaaaea2b7b60d508921c24b0fe39c22c1438bec1811ffe10ec \
    --hash=sha256:4f1798f56c6f4ba5ac11fa2869e5717926e4470d97a1dd42b4f59219d43b5027 \
    --hash=sha256:514698d3683189031dcbfdc31e87115992e5ce9e1b19fe5359941323f2df800c \
    --hash=sha256:53c2c5d7e2024e46776c2d90e6c637d01102126b61aaf5faa5edaf05f8b5722a \
    --hash=sha256:55d6f4135d914305929fe9e9c44d8b5383a9b3fa1bee3bfcf60ee97e01af07ea \
    --hash=sha256:5a2bbad3a63007f7e9524d4903ba04fee252557c2acd86f9a3d4f91786695254 \
    --hash=sha256:5a3e0f56ec19bfd9ad1605572878dd6ff7f01b325f4fc154812ae70d615c3aff \
    --hash=sha256:5bb9be71d9ee39b4359b832f9569518ec9bc08704194034e79e4958e6bc4d46d \
    --hash=sha256:60ec798c40a1810d282ee046f61ecac1c5675cb898763d9f08d97d53a5e00a81 \
    --hash=sha256:6b3cbc4f96ddfa1fb88a78a69dd851369825b7816d9702eee8c4461505ba172e \
    --hash=sha256:6c7ef4701a96553514b2688e342ef1bf2beae6cfd172d89a76c768292aabf405 \
    --hash=sha256:7337b06a9f9ed9ea3049f04b76f65819db9b19bb832ee598e97b388eadf25e5f \
    --hash=sha256:76345f51367fb1f23e08605c6efb18374f669be5b223658fbab6b17627950507 \
    --hash=sha256:7e35c9bc977760981693e1a7a51493b58ee5a501f9ebb1e547565ee40b6c6208 \
    --hash=sha256:80cac5cb90ed7b9b72a217a1d6982b15b829cdbd0ee6bc19b93e3a9e47fb0ac9 \
    --hash=sha256:8af88fe5c7dd68fe1fec6dea8155caa1a47155d219a750ff34049541cf536a5e \
    --hash=sha256:8fcd721113260ffb5e38bf14a8725b17d431f34209f7d1c7005b667946e630b3 \
    --hash=sha256:93087a845cdfb35753e539354ac9551bdd2ff528c202a98df0ae46e852bcf021 \
    --hash=sha256:93935ab27b6eaef4c3e5489aebc84284f0644592f7ab516df60ee1b27eaf5eb3 \
    --hash=sha256:9bf08e4b6362dd1c08623bbfa2d061e8bac0f1da8fc2007062cfe1dc360a49fa \
    --hash=sha256:a6ac96da66c35bf789bdcde78a88dc7d56b7907d8379648c54adc1c61594575d \
    --hash=sha256:ab17b3a8aa754be0de0e397f7b95f13b14e56f077a4c6ae295e3d4afd199b325 \
    --hash=sha256:b0d106d9314546d69b3df1b5352639aa628530ec3ecef8a98a21942d2a2a64f5 \
    --hash=sha256:b90397a50ad6332ed3e459c648ac20d182cce24a557354363ad85fc9ea4a17cd \
    --hash=sha256:bbbdb8fcd5e7062e546eec1ac78c28bb21ae7df54c18f8e4b06e15a18d661a49 \
    --hash=sha256:bd6f2f81c7b9da99d301c0b16b82044e76fe887086e42e1590ecf520b94dbdac \
    --hash=sha256:be53e1d5f83de43dc175c87612ecc128d444b38e5c56cb3f807f5a73d6887476 \
    --hash=sha256:c3f23f403a273900d57de6ee5ca0614c650f7f58563065dad1a4744498960e53 \
    --hash=sha256:cbe8d03d4efcccdb7fcedecbaa1e1fa02913eaf3a74cb933634a6bc6d2ea9e2a \
    --hash=sha256:ce17bc317d089f361b33521654c13e30eacfd3d2034fd34e613ca9c51c969686 \
    --hash=sha256:d918d6f304a309222a784bbd140b85ec5594d97e4dc0e79f590549d28970663a \
    --hash=sha256:dc61e4f9e37b507069dc7e659ae28bca7adcb04c993c3508214315d12c63f848 \
    --hash=sha256:e095f9e105af76593b4c183bb0bcbdae64bd913a59ec595732dc108b48730ab5 \
    --hash=sha256:e2cba180d6451822763eda8364f342435a873bcfb3849cbd82fdeca248ca65eb \
    --hash=sha256:e49eba8f1e28e7c03648b7a476e1ba05309e087ccdea859fc6dd659564aa8d7e \
    --hash=sha256:f1341c6abcee1c31277cfe28d34e46196f2143ec3d755e6efe7452126e1f626d \
    --hash=sha256:f3fbfe82829d8e381426a289b87e59e585278728361db9ce975b88b51f64f410 \
    --hash=sha256:f50b580fad005a092ed87c5a3a4683459b21d1620497d6a5bccad203bee4c071 \
    --hash=sha256:f5576e8ae1723ece60d8f93c6710abf784714e99388bcf023ba9ca800bc587f6 \
    --hash=sha256:f673d835bdb1a60229cc3609a113fd2c9ce3f4a3c75ad4eaed111180c00199d2 \
    --hash=sha256:f7548ede3ee908cfabc0d068106e303a9a2d811af959cdf6ab85676344cedcda \
    --hash=sha256:fa8ed556fcc87a4091cf61587ef172fa104323dc89ecc085a618ba7ff8629a8f \
    --hash=sha256:fefea5cf8cdda9053b962ca8a90216fb0b1d40907dcb6819382b42e483e6e9f6 \
    --hash=sha256:ff7144d8167e513fe39fbb46bffb4f6f192dfb1f4b0b4e9102e1fd4f212e4747
    # via uvicorn
watchfiles==1.3.0 \
    --hash=sha256:000b9688fc8133037a8b075c8ebf98f32844ff8964dda61e85c1db547dafc441 \
    --hash=sha256:025b108f2d5cc2799cb941f79380df3e8b22bfb589c218e801767fe78d598c95 \
    --hash=sha256:04c5500faa725d69a99b0f63750e80795e455bb951849e9c98a811b4324997c4 \
    --hash=sha256:1acabde19b67e673274e89a04d613b7fb1f122e2c4b8ec9a581e59c149264b61 \
    --hash=sha256:26b81bc515a0f03f66a69a6fea86eea54c8eca4173c46dd7222569f79dd2f977 \
    --hash=sha256:380f513d26cc2e598266b88d66456e07d67ef4be8f0f435a1154d9c44b43d509 \
    --hash=sha256:45726c6b5a8d67c8087eb2933c4398948546d04206ef40f629dc4881d65d23d1 \
    --hash=sha256:4af9c464d410e8c44b58ddf1cbec7c3a02c1cb2c6c80df9c74659ba2fbda0ab5 \
    --hash=sha256:509d9f74d2bec5c1f4cd868ddcfe0c9601f7ea53066dfcb19d8ede742c4de661 \
    --hash=sha256:591de392458bca26f6130fea4e667c06b657e873ad334ea06fad5a79f5086cef \
    --hash=sha256:5ec46a1ff4c1d81405a5fc645abdbff5e4e9388f7c9a6cdb392316a7c29b884f \
    --hash=sha256:6398d250994baff581147ccba846223076fe6492ca93c0d1b3588fcf5355eb5c \
    --hash=sha256:7398930a2b76b9dc67a4e6b8bfc7baf30946892a86f417a3920c07bdd6febc30 \
    --hash=sha256:7c1125e99f84934a92996ae343501285617373acd66f16b59fd5654b27ad8d80 \
    --hash=sha256:81c989d7267bfb7b676cd32c83bec97914e396870983cbf493e29415037bff5e \
    --hash=sha256:99aee4a07847c06820765fd7b1b49ceac4f3f711ccb7d104655a33231de1c207 \
    --hash=sha256:a5b631db08fd3032db57ec6a92d1777cd60f88803287e4e941a4858c53aab1e0 \
    --hash=sha256:a85e243c87109d9f48a2e0d10d6abdee8768cc114848b32281ec83d7f81d86ef \
    --hash=sha256:b5768b49e426fd5b550b012c866db347cdf15c398ef98dc557b6e6b72fa74cd1 \
    --hash=sha256:bbc1198edfdc90fda0600f825aa94150f428dfcbf8138746f55998e0e660d64c \
    --hash=sha256:be9ef3cd403d756a304a0a08a112163c63da7ec72c8c9d083c98818291ff8f29 \
    --hash=sha256:ca39661934749df580d89f3dde266f2af7c6968f4c21c72ce2dc387d299e6aa7 \
    --hash=sha256:d36c72fcdc08f143d87316a4c4c3b064e340da2c7383d39803950740ed418935 \
    --hash=sha256:d4593392e87669836670f87d62fc754059eaeb0e6157af44060a46558cebe5a3 \
    --hash=sha256:d754e049006e81a9be49dc78ba7802081cee426e968cbc63ee19e164fa2d0e39 \
    --hash=sha256:d978cc1dd7ba44f5590d7de74f7a9c8be7262d9e469c2c0efb8bbfc2574321dc \
    --hash=sha256:da213822ec9082b62cadf3008e07a8c690ec7a3c89f6dc5e55a8cf07b56a1b26 \
    --hash=sha256:dd538c71766c59c732e2c5cedc39323c99c11897b99f93eac773438e54af206a \
    --hash=sha256:e0204f90677b7fb8d3a824279a71a01166bea9f6e53923b8056592d87b33b0b6 \
    --hash=sha256:e5871d4a7f788a9f64fb06f5793389d29d171e5c32d37c3ebfd520b017cc7694 \
    --hash=sha256:eb94e40b9a0db19636b5e3fed0a9803452ecc7381df13b385272abb779ee83ca \
    --hash=sha256:ec3cd4bb181a7b6329134204c2277c7144ab5f62cce9c5335d6f901ee7ce8d6a \
    --hash=sha256:f0c9865240e065a2247f4b5248528ae3d01e0e8ae071462c250c884dc16e3ee3
    # via uvicorn
websockets==17.2 \
    --hash=sha256:01420cb1cb47433e8e7075d32cb8017ad3ffed0654bd1e48c0251b865920dec3 \
    --hash=sha256:0198c4ec6a3406a2f7557c032967de426474c2c995c81076585e09d29a9f407b \
    --hash=sha256:0360c4dc13ac569cc245e0efa2f4d4b1e4733d24c47b8ab3f3747227b1356348 \
    --hash=sha256:063508ce9e0db745f30ab52fc652f4e59efc79c2b74934b3837d5cdb974da620 \
    --hash=sha256:06c7386128a9d85de4e1960114604f3031c084d2f4eee8db382637f1634cbab1 \
    --hash=sha256:06e46da092bca3a52e98f0458c66b247993ce501a07cd09c858be3296511ab7d \
    --hash=sha256:06fa3ce9c3154826c33d4395b225b2994aa64f1f3bcd8be8ed932019175d9268 \
    --hash=sha256:08d90cf344bdb971ba3a826b78d4da9bfd56cc6a97a604d9b88cbd40bfa6c735 \
    --hash=sha256:08d97098644728bd1895caa7ecf3090b8e563d70809870d2adb33a107bd061d0 \
    --hash=sha256:0a6220bdf8d5f11af71251a599092d89ac1d6bfac691c7f5951c5b07953947a0 \
    --hash=sha256:0c8600aec354cc259f1691b0b42816f04a9886a953f82cb227246df76057f97a \
    --hash=sha256:1110fbfd530c447380e6e6db88b7e43ffe33d54178f5b0ff0aaa5a280301e668 \
    --hash=sha256:15a7101b660a9f15fac34108c92cefc9848f6753a50acef8869e3cd94148fdb7 \
    --hash=sha256:18b0a46e5e9b315e2b54ce8c3bafdeef0e1388ca363114fa868e6aab2dc58512 \
    --hash=sha256:19e2511412ad3393191de652513bc7a0ca3c93af143b32d96d46e59fbbddf1d4 \
    --hash=sha256:1c27339934109dfaca83f18ab2c23db06714e9d5deca2c8e37e8f492ab90d20b \
    --hash=sha256:1d829946a2e7630f92f9d7b45b62f3abe9f393cc2dea6a35edb3988f865e75f2 \
    --hash=sha256:1fdb8d5a1660307dc6d36d0b7fc725213cbd7f80800904dc4896aa3208b89121 \
    --hash=sha256:214da56dba368f61b3d745c77630b2d03c61c02da7b42fe80ef6efba079d3077 \
    --hash=sha256:222fb626fa15701a850eccc778be17312142b2f6a0e16aea80770b7459adb784 \
    --hash=sha256:27c7a59b5352a8f741b422820adfe89dfe47c8f2d84fb32111e76111edaa0e83 \
    --hash=sha256:2901bdf24f20bc884124b3e88c61f7ece260c20c81e610f2196007395264a4aa \
    --hash=sha256:2ab742249f953d148a9ba696c8b9944361e8cb92e8bc61ba2dd53a178403afd3 \
    --hash=sha256:2ab9af5cb7265899e659f079eb71691375a1025b6d5fbd3caa495dd08f70833a \
    --hash=sha256:2d39c19b1ba6a6791050383fd69efdd3b63533e2254693d0263879cd5f5921ba \
    --hash=sha256:2de1ccf298f5c9e0f27113836d742edb95f015eee3148f004ac386f7ba9a05b1 \
    --hash=sha256:30201a7f69833b015556c72feb69ea501b645986fd0b90dab13f589e995ff428 \
    --hash=sha256:307fc22ea496be8542d67b82ae8c867a978dfd19ac35573d4f15943fd9277dfe \
    --hash=sha256:3117abfd32b183bdb6194df9317766d32c6517f3d1c0aa8c62d5c6ccfda0b4a8 \
    --hash=sha256:313f6703023d53baabab6d6c5c37cf637b2c4fee255acf2ed5e92ad69e28f1b7 \
    --hash=sha256:315551f4ccedbbf9fd4f7e8bf037a5948c976ade0e919ba5d8f581d465f6f725 \
    --hash=sha256:35e0f088ddfd9d9bc5019e27ff3767411779e92b59db5bb1507f2731a5b61158 \
    --hash=sha256:3621f3686397708b8eeabfd0a9d75267c1f29a7537d2fe31e65d099e71587fa4 \
    --hash=sha256:36c2fb94c990cc2545143b12690e2de6c16300f9dbe5b4f33fa300cf57dc8792 \
    --hash=sha256:376a693697ddb695ea282ead76060f4847f90e564b12b4389f2c7589e6fadb9e \
    --hash=sha256:3892d76754b5f36fb40619f3ef09c68e5c3091f1ab8840964518ae5a41f30952 \
    --hash=sha256:3bbc5543e39ee025d524077c5c15c2d67bc11c9f6676afe5b531839e24d701f6 \
    --hash=sha256:3eb44019a2b0b3b91bac95998f1e4e5589730421170e060fe654a2b7be727dc7 \
    --hash=sha256:3f0def1279644acaa9bc861d4234af3f82ea9cee7e460dffac5cb63e691501e9 \
    --hash=sha256:40960554e60eb60c3eec4ff9e42a80f84f8cd3ca9bc80a5481a61f1e64d807c9 \
    --hash=sha256:4173a4b8a025ae44313d9d9b4ecf31e886c7b7faf45386d51a8ca4ff2dcf3f2a \
    --hash=sha256:42cbca10f82a8b2fb1536e8a0830ca6ceeb6bb3d8d64b766e0795369135654a8 \
    --hash=sha256:4497e87c34a2d21cbec1227858fec3af8e514dd70c47625557a122fcebc081dc \
    --hash=sha256:4733fc2d99fe888261417b7e29995403a72d9ffa78629902882325ea141177f2 \
    --hash=sha256:48997ed4431d8006988788ef4b62e1fd3f053c7463b4fa793aa6c4f9e96a3bb7 \
    --hash=sha256:4a49ca342efc0800e6ae94ed5c9cbdcb319308f75e73c21181e4c24d6710e8dd \
    --hash=sha256:4c32eb565ad9ce8a6444248e5b7a19dbb86a81c811fe5fcc2fba7a735aed5163 \
    --hash=sha256:4e312e07557a5ad348f4e83d3419773527f6e790c7f97928b1911d767b6ea1c7 \
    --hash=sha256:50644d8715be7e0ec0682f9d7744b63008e199c5e1618a48fa153756a332235f \
    --hash=sha256:533b7c82bb1eafbeb921dfe131c9f88e55451ddc328d84bde1c9340ba72d2808 \
    --hash=sha256:5436ffea003adb50e283ca0684a3fcaa1396104f841736c3322ee6582bd09e98 \
    --hash=sha256:55c5b9eab079540bfb639b40b07b7b467e5c5a7ecf97a65cc8665781381c9856 \
    --hash=sha256:55f9a808a0e072473337c240c939849818276e288e2374b832255b5b791b0851 \
    --hash=sha256:569ed5db651e420b13279f9333443bb5b84a436cc66b599cbc535697ae4434a0 \
    --hash=sha256:5b43a1f7e4853ce08c3f6d3bf69799ee5b46548bfb71792a8158f7e45d66b547 \
    --hash=sha256:5d459bbb6c22f26dcebea56924a362aba50d453b9867912862c970434fcf0d94 \
    --hash=sha256:5dc29815520c329f5662f6eb3ebadecf0d4f8c82dfa416d4d6efbf8f39245559 \
    --hash=sha256:60deca33e584c09e91f70f8b55a0b1de7d671d6a63f051d154920f48bed717c7 \
    --hash=sha256:61040f6f7da5a279d2f77496c69d51132aba75f701c52bded400d4c639277b18 \
    --hash=sha256:6281c171557ce0e408e19d9a223f22d915117ac38a5a7f32ed83809e7492316c \
    --hash=sha256:63499fc49efe48bccc2fca40723bc7adb198866cbe159093dd979905316994b6 \
    --hash=sha256:63f543463601c1558b755f8dd7618b6ec3dd0934dda051d3b7030d8c76e54de2 \
    --hash=sha256:65a89a5bde227bfe908016f35b5bd347970cd1e5b0360f389502eba1c7fde6e0 \
    --hash=sha256:660aa158127035e741d4b1835dbe79ae18a1fbb21ecd236655f31d60110e68d5 \
    --hash=sha256:6627b913b8586b1c06db9516b31dd0dfbc621de3bb9312616d92a7e44f268a5b \
    --hash=sha256:691780fca2be3dec512cb603cb91060271968cb4af86b51d07c57445c5754a37 \
    --hash=sha256:6aa59f0ef92e796b2db6f5f26550c4713c0e4036899fadf02f55e2ed4db0b7ae \
    --hash=sha256:6c274fc1572edf7c197094a0eb1887d45fdc95254bc80597dc7599550486c06a \
    --hash=sha256:6e9a04e69456015e6ae5e0d486d995137fd435794442122b00ce5f9526ea3ba8 \
    --hash=sha256:74836317b7010b579522bb52426f1e225608b042c9e78cbe2493522bebb8a318 \
    --hash=sha256:761cde41439f0be761aa460e1451a31e2e14baf4a46db6fe4913e5a06a90df66 \
    --hash=sha256:76693a16dead737946b651375ee3109d7db7ad9569a1c55c60aaed3ef85cfcc6 \
    --hash=sha256:77a42cc507993ec5471b5283f7eef869239173b6000031543e3938a86d1af0fd \
    --hash=sha256:7f115d5d804a2163dd89245710049078b0e726a58c1f44a1f86c2c6e79055d76 \
    --hash=sha256:80cbc645af23ac5c12096545c161626960114a1bc10f864760558d3b3e82ba18 \
    --hash=sha256:83abd8beab056aa77a116364811f8fc262dffbcc7abea48de0c85ccbfc6f1428 \
    --hash=sha256:8462395df8f224d2daa3d80db3ae4450d9d4b7243c8483ac79a82862f1599dd6 \
    --hash=sha256:876da8ca5520d65b5d0f2ca6b4e7a00d35bb90ccda35cb2ce3cda4b6c711e84a \
    --hash=sha256:88c6a42c2632ff469e84155e44f6ed92cb15ccb047bf5fcb59225ae5a12fd33d \
    --hash=sha256:89c4898da776193577279173dcf9860487590611d7320d379435a145881b048d \
    --hash=sha256:8a2321bcb73758c44c8076509024d02c15ee484fe77ce04edea4bf4d257492cc \
    --hash=sha256:8a829db795e3f87053904493d184b185c8eb1f497c852f434168ec856aa6f997 \
    --hash=sha256:8be4a87b3baca380ec3c7b1643b2dd268ac9d42c5097c0e8dc9a49342faf4774 \
    --hash=sha256:8da58558bfb0ca6ccac2419773521f1111e40654038b1afabdfc69c02cb82614 \
    --hash=sha256:8e24b878cf54843a63985d90480f163ca7f692689fbcbe9cdbd8165521083a8b \
    --hash=sha256:902ce8cafca2dc14cef9558a6fc3b45dbf7f121d1404bf2ad18a1c894555e48c \
    --hash=sha256:908d81d88bb16141613a6275059b5114656d5c2f0b5400b421d54fe6f1943507 \
    --hash=sha256:916ebdfd82e7fc68041d36b2b5f60361b9abce1e087454da15f8bd004839e090 \
    --hash=sha256:946ac2164d646e733004946ae39536b5af473853183d81da5962e29d36e3ad35 \
    --hash=sha256:9496bff5541086478264678bac73c0a75b2fde94fdf6568893bca1f7c6d50d18 \
    --hash=sha256:96f6c8d0fe21930d1f982bfce2382789d2e8d005d2ab63d21280660f95ef8fe1 \
    --hash=sha256:983bcdc898662f6ba9d6a025c30d29946ff0986d9ad60d400af0da3671f7cbf3 \
    --hash=sha256:98f2d03df74977fd252831c997c388cd6c3f691a8a9d022b266d3cbd9849838f \
    --hash=sha256:9a2a60a7f0ea5f239efb6391d2b28630a640d82dad63e3bee47cf2c623c4495d \
    --hash=sha256:9c393a202df08e96ed619310f0cd78be700e532a57d9a6ceee5f80b4e35bef14 \
    --hash=sha256:9c88697fa943bd4ef67cc919a17d81de6581846f52bfa8c6f64a916098986556 \
    --hash=sha256:9df9d048def11365d170b375b6ffc8b23a7f188c3560acd4418ba088ca2e2705 \
    --hash=sha256:a046227daa7f191e843d26b911c1146233e9a33d249e0c954dcb3ac7c398710e \
    --hash=sha256:a69ce25be5f1330ee1c74eb6fabbbceaa96b384beedd2627cecded7546490c40 \
    --hash=sha256:a7c4bb26de6ef496d24822aee4f6a305d97cd33d21a2b85f290292d69ba1c25e \
    --hash=sha256:a81e19710d48da88653473b6b9c366d47e99fe4f58e37ce415be47966748f31f \
    --hash=sha256:aaead3d926e9ab4124ada727d20cd62d396649917822df4f771d1f07f1079b40 \
    --hash=sha256:ada04d0262ab06527054a2a497f384d102698ff39b3865dc566a7d24b6f4058c \
    --hash=sha256:af4c565b923bb5975401b8e4cedc2e17b2fdbf33b905737ee12384e6a6fd9507 \
    --hash=sha256:b24b83fbb34b2d8de06cf0f0d4bd7737344ef854482a614826d4356c0c3f0c12 \
    --hash=sha256:b25659ab2d655d742701487d5591e3f98e8f8b329fc999e05e3d59691ab344a1 \
    --hash=sha256:b5f79366a8d8dbb981d53ba800bb54a95454595ab8a4548c2b95501b32a08326 \
    --hash=sha256:b789356bc4e2e6c20ba52817f92c3fed74e24657654237ecd536c54843b80c6c \
    --hash=sha256:c08da1f15040bd1e1a6074bd4518a6ef20e67b1594ecfb0aa75e5b45f87e6d6d \
    --hash=sha256:c1c09d5d4646eb96bda2cfb97493bcea21a0956a981de116e6b1f4a9de07f3fd \
    --hash=sha256:c2ec7e51157a3fa0e9cfdb1a8969bab38d1c22ad1ace7c6cea006383b43a1ad4 \
    --hash=sha256:c49c9edd47d0e44d360299e2d8865e2950d2fcf1b4098782c9d7dcd070919e5a \
    --hash=sha256:c63ff5a21f26bd0e6a8464b53fadbe174825c8718ac14180df45665eaacdb6af \
    --hash=sha256:c6590e1eb624ff6b15b872421bc9a10bc6d2057635d69c6cd244ac3f928f85c6 \
    --hash=sha256:c76b4bcbf0f713194591673fc86a42820e14da6bbd1bb445d3d002cc4d1e4521 \
    --hash=sha256:c796a1bb3e4015249639849f30e8e680df8a431b45d417ba8acf843d2451d95f \
    --hash=sha256:c81d6cdbacccda7e0eef3b076a457fd14c3835cdbc5993d2881580c2fb1f5f26 \
    --hash=sha256:c8eea55fdfa9ba65c6981eea38bd20c800bce2f092a2803d82de764ecf0f071a \
    --hash=sha256:cb5e2bf969ac99a6ae3c71208a5eb05cfde973192540ffa6e1068b57fb78c4f8 \
    --hash=sha256:cca2fcb72c007103740fa4fc3df19fdb1a318c641c69f3b0cc47ed63a889336e \
    --hash=sha256:cf8811d285acc91216368df7fb55cc8c9bf6fcd90eea42429c7186c7385a12b9 \
    --hash=sha256:d1a4f9462da6496b6cb79bbb09c60d17f7e63e8a1df136797b3afabec9560e4d \
    --hash=sha256:d4df62fd8448a85c752bbea1803cb3a2785e6fc8352009ab64ad7447af079b3c \
    --hash=sha256:d6605630c2808b33f362d6d08582e79821f77ed2bd3f49f9d467ea70defea06d \
    --hash=sha256:d87091c4347daadbcc0833b65812ff38d7350c67339625d4e4a512cf38e3e8ef \
    --hash=sha256:d8cfe9522ad69b6abb26b413ed1deca43cb915cefc588433d557cb3ae1c783e2 \
    --hash=sha256:dac93bf7a9beb215be3282b8441173cd50806c41c007b8be9bb24e03c60ad563 \
    --hash=sha256:dd9252828073fd0d69e7667af4275a1b17c18d0833b1ab7f59db272f194a6b9a \
    --hash=sha256:e136197f1262620ef2e507afc3ea759c1ae7d221886da20eec5f4c9f2618c2aa \
    --hash=sha256:e1e3bc8090a7eae79fdf634b63bdbfa3c93999991023c37c6fd3b469fc8ff5dc \
    --hash=sha256:e48ac2b302986c6f55cf61e8e36b4dd97d0132c5078a713a697a940934ba422e \
    --hash=sha256:e53d950e16d4bb672a5ff41fe3131e65a4e5d688d694e1c7074c8c9990bb3ceb \
    --hash=sha256:e5855e574804398859c5fbaf4fc7882b96278b7f6572a3d889627e6eb6cfca59 \
    --hash=sha256:eb0023e6cdb4b8ece0b33875188dd16104ad8c335361d396a98394f99e30ff7a \
    --hash=sha256:eb7b737ce8d18c8a08beb68f751572b7bf6a18093ecd1406ca1256b50592552e \
    --hash=sha256:ecb748910e9ba4624ebe2057791df51dcbffb48c37108ab94a3c593472023c9e \
    --hash=sha256:ecd63d0c7ed0d3d719c91b5a3861f0f0b3cec9bf223033ddf69d17aaac74bb6d \
    --hash=sha256:f19ca1a21871f024e38faf4107b433047df27558dff1b72a1dac31481e2c1fe5 \
    --hash=sha256:f2731f9067976c8c4127212c0d2f2ada42d497d935e470419e029802365b12bb \
    --hash=sha256:f2bbf3f28d0b63157577c8b774b9136f076afa6797e1a52a2ecd477f23cad3a8 \
    --hash=sha256:f33c7908a6885dcae9f462a4a8347b637053b4ff2b96beb4c23fba1cf7818e5f \
    --hash=sha256:f60e39adfecf998488166aca8ff24ab1ac406c9ecbecbcf9b3bcfc43cb1ec9a1 \
    --hash=sha256:f7eac84d4969da82166d5e90d9c38d2f416fe24f9708a7013569b193745b9a31 \
    --hash=sha256:f8969ad228115ad8869b5fed801f899e52ab8ad376fdb165ba4760a277c8258a \
    --hash=sha256:f90bad2839c185a1edf8ee22a257cfc8a39e0e337a0490ab185dfa76ef04d1bd \
    --hash=sha256:faa763b677e96f1beccc6b4d7e8c079dfeed2f249f57a19debc321b519ee64ec \
    --hash=sha256:fb78fb4158c12f77a934a003006784108a27a6553cfc0c6f10483c9c02e94f48 \
    --hash=sha256:fcce735ffd72ac4056db05325d9f0232382b74826f0196eb6a15ca903abdaa0f
    # via uvicorn
